
Microsoft Visual Studio Solution File, Format Version 12.00
# Visual Studio Version 17
VisualStudioVersion = 17.14.36401.2 d17.14
MinimumVisualStudioVersion = 10.0.40219.1
Project("{FAE04EC0-301F-11D3-BF4B-00C04F79EFBC}") = "WebAppSandbox01", "WebApplication1\WebAppSandbox01.csproj", "{AB5611EE-84A1-44DC-83C6-1F7012B4D422}"
EndProject
Global
	GlobalSection(SolutionConfigurationPlatforms) = preSolution
		Debug|Any CPU = Debug|Any CPU
		Release|Any CPU = Release|Any CPU
	EndGlobalSection
	GlobalSection(ProjectConfigurationPlatforms) = postSolution
		{AB5611EE-84A1-44DC-83C6-1F7012B4D422}.Debug|Any CPU.ActiveCfg = Debug|Any CPU
		{AB5611EE-84A1-44DC-83C6-1F7012B4D422}.Debug|Any CPU.Build.0 = Debug|Any CPU
		{AB5611EE-84A1-44DC-83C6-1F7012B4D422}.Release|Any CPU.ActiveCfg = Release|Any CPU
		{AB5611EE-84A1-44DC-83C6-1F7012B4D422}.Release|Any CPU.Build.0 = Release|Any CPU
	EndGlobalSection
	GlobalSection(SolutionProperties) = preSolution
		HideSolutionNode = FALSE
	EndGlobalSection
	GlobalSection(ExtensibilityGlobals) = postSolution
		SolutionGuid = {6ECED107-877E-48F0-BE8E-130FC4A269D0}
	EndGlobalSection
EndGlobal
